// !$*UTF8*$!
{
	archiveVersion = 1;
	classes = {
	};
	objectVersion = 56;
	objects = {

/* Begin PBXBuildFile section */
		168E7815295AC8B4001905E9 /* ChartView.swift in Sources */ = {isa = PBXBuildFile; fileRef = 168E7814295AC8B4001905E9 /* ChartView.swift */; };
		34DC218B295B63E800355BE8 /* SelectedMenu.swift in Sources */ = {isa = PBXBuildFile; fileRef = 34DC218A295B63E800355BE8 /* SelectedMenu.swift */; };
		34DC218D295B64E000355BE8 /* MenuModel.swift in Sources */ = {isa = PBXBuildFile; fileRef = 34DC218C295B64E000355BE8 /* MenuModel.swift */; };
		34DC2190295B66F300355BE8 /* QuestionManagementView.swift in Sources */ = {isa = PBXBuildFile; fileRef = 34DC218F295B66F300355BE8 /* QuestionManagementView.swift */; };
		34DC2192295B670100355BE8 /* ReviewManagementView.swift in Sources */ = {isa = PBXBuildFile; fileRef = 34DC2191295B670100355BE8 /* ReviewManagementView.swift */; };
		36E4149C295AC4C20033D634 /* EditStoreView.swift in Sources */ = {isa = PBXBuildFile; fileRef = 36E4149B295AC4C20033D634 /* EditStoreView.swift */; };
		36E4149E295AC4E50033D634 /* OrderHistoryView.swift in Sources */ = {isa = PBXBuildFile; fileRef = 36E4149D295AC4E50033D634 /* OrderHistoryView.swift */; };
		36E414A0295AC5010033D634 /* ProductRegisterView.swift in Sources */ = {isa = PBXBuildFile; fileRef = 36E4149F295AC5000033D634 /* ProductRegisterView.swift */; };
		36E414A2295AC5280033D634 /* ProductInventoryView.swift in Sources */ = {isa = PBXBuildFile; fileRef = 36E414A1295AC5280033D634 /* ProductInventoryView.swift */; };
		36E414A4295AC53B0033D634 /* Product.swift in Sources */ = {isa = PBXBuildFile; fileRef = 36E414A3295AC53B0033D634 /* Product.swift */; };
		8033634C295ADA45009AF68F /* CustomerOrder.swift in Sources */ = {isa = PBXBuildFile; fileRef = 8033634B295ADA45009AF68F /* CustomerOrder.swift */; };
		80807C78295A92C20037E781 /* BigProjectAStoreIpadOSApp.swift in Sources */ = {isa = PBXBuildFile; fileRef = 80807C77295A92C20037E781 /* BigProjectAStoreIpadOSApp.swift */; };
		80807C7A295A92C20037E781 /* ContentView.swift in Sources */ = {isa = PBXBuildFile; fileRef = 80807C79295A92C20037E781 /* ContentView.swift */; };
		80807C7C295A92C30037E781 /* Assets.xcassets in Resources */ = {isa = PBXBuildFile; fileRef = 80807C7B295A92C30037E781 /* Assets.xcassets */; };
		80807C80295A92C30037E781 /* Preview Assets.xcassets in Resources */ = {isa = PBXBuildFile; fileRef = 80807C7F295A92C30037E781 /* Preview Assets.xcassets */; };
/* End PBXBuildFile section */

/* Begin PBXFileReference section */
		168E7814295AC8B4001905E9 /* ChartView.swift */ = {isa = PBXFileReference; lastKnownFileType = sourcecode.swift; path = ChartView.swift; sourceTree = "<group>"; };
		34DC218A295B63E800355BE8 /* SelectedMenu.swift */ = {isa = PBXFileReference; lastKnownFileType = sourcecode.swift; name = SelectedMenu.swift; path = ../../../../../../../Desktop/SplitViewDemo/SplitViewDemo/SelectedMenu.swift; sourceTree = "<group>"; };
		34DC218C295B64E000355BE8 /* MenuModel.swift */ = {isa = PBXFileReference; lastKnownFileType = sourcecode.swift; name = MenuModel.swift; path = ../../../../../../../Desktop/SplitViewDemo/SplitViewDemo/MenuModel.swift; sourceTree = "<group>"; };
		34DC218F295B66F300355BE8 /* QuestionManagementView.swift */ = {isa = PBXFileReference; lastKnownFileType = sourcecode.swift; name = QuestionManagementView.swift; path = ../../../../../../../../Desktop/SplitViewDemo/SplitViewDemo/QuestionManagementView.swift; sourceTree = "<group>"; };
		34DC2191295B670100355BE8 /* ReviewManagementView.swift */ = {isa = PBXFileReference; lastKnownFileType = sourcecode.swift; name = ReviewManagementView.swift; path = ../../../../../../../../Desktop/SplitViewDemo/SplitViewDemo/ReviewManagementView.swift; sourceTree = "<group>"; };
		36E4149B295AC4C20033D634 /* EditStoreView.swift */ = {isa = PBXFileReference; lastKnownFileType = sourcecode.swift; path = EditStoreView.swift; sourceTree = "<group>"; };
		36E4149D295AC4E50033D634 /* OrderHistoryView.swift */ = {isa = PBXFileReference; lastKnownFileType = sourcecode.swift; path = OrderHistoryView.swift; sourceTree = "<group>"; };
		36E4149F295AC5000033D634 /* ProductRegisterView.swift */ = {isa = PBXFileReference; lastKnownFileType = sourcecode.swift; path = ProductRegisterView.swift; sourceTree = "<group>"; };
		36E414A1295AC5280033D634 /* ProductInventoryView.swift */ = {isa = PBXFileReference; lastKnownFileType = sourcecode.swift; path = ProductInventoryView.swift; sourceTree = "<group>"; };
		36E414A3295AC53B0033D634 /* Product.swift */ = {isa = PBXFileReference; lastKnownFileType = sourcecode.swift; path = Product.swift; sourceTree = "<group>"; };
		8033634B295ADA45009AF68F /* CustomerOrder.swift */ = {isa = PBXFileReference; lastKnownFileType = sourcecode.swift; path = CustomerOrder.swift; sourceTree = "<group>"; };
		80807C74295A92C20037E781 /* BigProjectAStoreIpadOS.app */ = {isa = PBXFileReference; explicitFileType = wrapper.application; includeInIndex = 0; path = BigProjectAStoreIpadOS.app; sourceTree = BUILT_PRODUCTS_DIR; };
		80807C77295A92C20037E781 /* BigProjectAStoreIpadOSApp.swift */ = {isa = PBXFileReference; lastKnownFileType = sourcecode.swift; path = BigProjectAStoreIpadOSApp.swift; sourceTree = "<group>"; };
		80807C79295A92C20037E781 /* ContentView.swift */ = {isa = PBXFileReference; lastKnownFileType = sourcecode.swift; path = ContentView.swift; sourceTree = "<group>"; };
		80807C7B295A92C30037E781 /* Assets.xcassets */ = {isa = PBXFileReference; lastKnownFileType = folder.assetcatalog; path = Assets.xcassets; sourceTree = "<group>"; };
		80807C7D295A92C30037E781 /* BigProjectAStoreIpadOS.entitlements */ = {isa = PBXFileReference; lastKnownFileType = text.plist.entitlements; path = BigProjectAStoreIpadOS.entitlements; sourceTree = "<group>"; };
		80807C7F295A92C30037E781 /* Preview Assets.xcassets */ = {isa = PBXFileReference; lastKnownFileType = folder.assetcatalog; path = "Preview Assets.xcassets"; sourceTree = "<group>"; };
/* End PBXFileReference section */

/* Begin PBXFrameworksBuildPhase section */
		80807C71295A92C20037E781 /* Frameworks */ = {
			isa = PBXFrameworksBuildPhase;
			buildActionMask = 2147483647;
			files = (
			);
			runOnlyForDeploymentPostprocessing = 0;
		};
/* End PBXFrameworksBuildPhase section */

/* Begin PBXGroup section */
		34DC2184295B62FE00355BE8 /* Model */ = {
			isa = PBXGroup;
			children = (
				34DC218C295B64E000355BE8 /* MenuModel.swift */,
			);
			path = Model;
			sourceTree = "<group>";
		};
		34DC2189295B63C600355BE8 /* ViewModel */ = {
			isa = PBXGroup;
			children = (
				34DC218A295B63E800355BE8 /* SelectedMenu.swift */,
			);
			path = ViewModel;
			sourceTree = "<group>";
		};
		34DC218E295B66BC00355BE8 /* QuestionReviewView */ = {
			isa = PBXGroup;
			children = (
				34DC218F295B66F300355BE8 /* QuestionManagementView.swift */,
				34DC2191295B670100355BE8 /* ReviewManagementView.swift */,
			);
			path = QuestionReviewView;
			sourceTree = "<group>";
		};
		36E414A5295AC5670033D634 /* View */ = {
			isa = PBXGroup;
			children = (
				80807C79295A92C20037E781 /* ContentView.swift */,
				168E7814295AC8B4001905E9 /* ChartView.swift */,
				36E414A8295AC5F90033D634 /* StoreManageView */,
				36E414A6295AC5C20033D634 /* ProductManageView */,
				36E414A7295AC5DA0033D634 /* OrderManageView */,
				34DC218E295B66BC00355BE8 /* QuestionReviewView */,
			);
			path = View;
			sourceTree = "<group>";
		};
		36E414A6295AC5C20033D634 /* ProductManageView */ = {
			isa = PBXGroup;
			children = (
				36E4149F295AC5000033D634 /* ProductRegisterView.swift */,
				36E414A1295AC5280033D634 /* ProductInventoryView.swift */,
			);
			path = ProductManageView;
			sourceTree = "<group>";
		};
		36E414A7295AC5DA0033D634 /* OrderManageView */ = {
			isa = PBXGroup;
			children = (
				36E4149D295AC4E50033D634 /* OrderHistoryView.swift */,
			);
			path = OrderManageView;
			sourceTree = "<group>";
		};
		36E414A8295AC5F90033D634 /* StoreManageView */ = {
			isa = PBXGroup;
			children = (
				36E4149B295AC4C20033D634 /* EditStoreView.swift */,
			);
			path = StoreManageView;
			sourceTree = "<group>";
		};
		80807C6B295A92C20037E781 = {
			isa = PBXGroup;
			children = (
				80807C76295A92C20037E781 /* BigProjectAStoreIpadOS */,
				80807C75295A92C20037E781 /* Products */,
			);
			sourceTree = "<group>";
		};
		80807C75295A92C20037E781 /* Products */ = {
			isa = PBXGroup;
			children = (
				80807C74295A92C20037E781 /* BigProjectAStoreIpadOS.app */,
			);
			name = Products;
			sourceTree = "<group>";
		};
		80807C76295A92C20037E781 /* BigProjectAStoreIpadOS */ = {
			isa = PBXGroup;
			children = (
				80807C77295A92C20037E781 /* BigProjectAStoreIpadOSApp.swift */,
				36E414A5295AC5670033D634 /* View */,
				34DC2184295B62FE00355BE8 /* Model */,
				34DC2189295B63C600355BE8 /* ViewModel */,
				36E414A3295AC53B0033D634 /* Product.swift */,
				8033634B295ADA45009AF68F /* CustomerOrder.swift */,
				80807C7B295A92C30037E781 /* Assets.xcassets */,
				80807C7D295A92C30037E781 /* BigProjectAStoreIpadOS.entitlements */,
				80807C7E295A92C30037E781 /* Preview Content */,
			);
			path = BigProjectAStoreIpadOS;
			sourceTree = "<group>";
		};
		80807C7E295A92C30037E781 /* Preview Content */ = {
			isa = PBXGroup;
			children = (
				80807C7F295A92C30037E781 /* Preview Assets.xcassets */,
			);
			path = "Preview Content";
			sourceTree = "<group>";
		};
/* End PBXGroup section */

/* Begin PBXNativeTarget section */
		80807C73295A92C20037E781 /* BigProjectAStoreIpadOS */ = {
			isa = PBXNativeTarget;
			buildConfigurationList = 80807C83295A92C30037E781 /* Build configuration list for PBXNativeTarget "BigProjectAStoreIpadOS" */;
			buildPhases = (
				80807C70295A92C20037E781 /* Sources */,
				80807C71295A92C20037E781 /* Frameworks */,
				80807C72295A92C20037E781 /* Resources */,
			);
			buildRules = (
			);
			dependencies = (
			);
			name = BigProjectAStoreIpadOS;
			productName = BigProjectAStoreIpadOS;
			productReference = 80807C74295A92C20037E781 /* BigProjectAStoreIpadOS.app */;
			productType = "com.apple.product-type.application";
		};
/* End PBXNativeTarget section */

/* Begin PBXProject section */
		80807C6C295A92C20037E781 /* Project object */ = {
			isa = PBXProject;
			attributes = {
				BuildIndependentTargetsInParallel = 1;
				LastSwiftUpdateCheck = 1420;
				LastUpgradeCheck = 1420;
				TargetAttributes = {
					80807C73295A92C20037E781 = {
						CreatedOnToolsVersion = 14.2;
					};
				};
			};
			buildConfigurationList = 80807C6F295A92C20037E781 /* Build configuration list for PBXProject "BigProjectAStoreIpadOS" */;
			compatibilityVersion = "Xcode 14.0";
			developmentRegion = en;
			hasScannedForEncodings = 0;
			knownRegions = (
				en,
				Base,
			);
			mainGroup = 80807C6B295A92C20037E781;
			productRefGroup = 80807C75295A92C20037E781 /* Products */;
			projectDirPath = "";
			projectRoot = "";
			targets = (
				80807C73295A92C20037E781 /* BigProjectAStoreIpadOS */,
			);
		};
/* End PBXProject section */

/* Begin PBXResourcesBuildPhase section */
		80807C72295A92C20037E781 /* Resources */ = {
			isa = PBXResourcesBuildPhase;
			buildActionMask = 2147483647;
			files = (
				80807C80295A92C30037E781 /* Preview Assets.xcassets in Resources */,
				80807C7C295A92C30037E781 /* Assets.xcassets in Resources */,
			);
			runOnlyForDeploymentPostprocessing = 0;
		};
/* End PBXResourcesBuildPhase section */

/* Begin PBXSourcesBuildPhase section */
		80807C70295A92C20037E781 /* Sources */ = {
			isa = PBXSourcesBuildPhase;
			buildActionMask = 2147483647;
			files = (
				8033634C295ADA45009AF68F /* CustomerOrder.swift in Sources */,
				36E414A4295AC53B0033D634 /* Product.swift in Sources */,
				34DC218B295B63E800355BE8 /* SelectedMenu.swift in Sources */,
				36E414A0295AC5010033D634 /* ProductRegisterView.swift in Sources */,
				36E4149C295AC4C20033D634 /* EditStoreView.swift in Sources */,
				80807C7A295A92C20037E781 /* ContentView.swift in Sources */,
				168E7815295AC8B4001905E9 /* ChartView.swift in Sources */,
				80807C78295A92C20037E781 /* BigProjectAStoreIpadOSApp.swift in Sources */,
				34DC218D295B64E000355BE8 /* MenuModel.swift in Sources */,
				36E4149E295AC4E50033D634 /* OrderHistoryView.swift in Sources */,
				34DC2190295B66F300355BE8 /* QuestionManagementView.swift in Sources */,
				36E414A2295AC5280033D634 /* ProductInventoryView.swift in Sources */,
				34DC2192295B670100355BE8 /* ReviewManagementView.swift in Sources */,
			);
			runOnlyForDeploymentPostprocessing = 0;
		};
/* End PBXSourcesBuildPhase section */

/* Begin XCBuildConfiguration section */
		80807C81295A92C30037E781 /* Debug */ = {
			isa = XCBuildConfiguration;
			buildSettings = {
				ALWAYS_SEARCH_USER_PATHS = NO;
				CLANG_ANALYZER_NONNULL = YES;
				CLANG_ANALYZER_NUMBER_OBJECT_CONVERSION = YES_AGGRESSIVE;
				CLANG_CXX_LANGUAGE_STANDARD = "gnu++20";
				CLANG_ENABLE_MODULES = YES;
				CLANG_ENABLE_OBJC_ARC = YES;
				CLANG_ENABLE_OBJC_WEAK = YES;
				CLANG_WARN_BLOCK_CAPTURE_AUTORELEASING = YES;
				CLANG_WARN_BOOL_CONVERSION = YES;
				CLANG_WARN_COMMA = YES;
				CLANG_WARN_CONSTANT_CONVERSION = YES;
				CLANG_WARN_DEPRECATED_OBJC_IMPLEMENTATIONS = YES;
				CLANG_WARN_DIRECT_OBJC_ISA_USAGE = YES_ERROR;
				CLANG_WARN_DOCUMENTATION_COMMENTS = YES;
				CLANG_WARN_EMPTY_BODY = YES;
				CLANG_WARN_ENUM_CONVERSION = YES;
				CLANG_WARN_INFINITE_RECURSION = YES;
				CLANG_WARN_INT_CONVERSION = YES;
				CLANG_WARN_NON_LITERAL_NULL_CONVERSION = YES;
				CLANG_WARN_OBJC_IMPLICIT_RETAIN_SELF = YES;
				CLANG_WARN_OBJC_LITERAL_CONVERSION = YES;
				CLANG_WARN_OBJC_ROOT_CLASS = YES_ERROR;
				CLANG_WARN_QUOTED_INCLUDE_IN_FRAMEWORK_HEADER = YES;
				CLANG_WARN_RANGE_LOOP_ANALYSIS = YES;
				CLANG_WARN_STRICT_PROTOTYPES = YES;
				CLANG_WARN_SUSPICIOUS_MOVE = YES;
				CLANG_WARN_UNGUARDED_AVAILABILITY = YES_AGGRESSIVE;
				CLANG_WARN_UNREACHABLE_CODE = YES;
				CLANG_WARN__DUPLICATE_METHOD_MATCH = YES;
				COPY_PHASE_STRIP = NO;
				DEBUG_INFORMATION_FORMAT = dwarf;
				ENABLE_STRICT_OBJC_MSGSEND = YES;
				ENABLE_TESTABILITY = YES;
				GCC_C_LANGUAGE_STANDARD = gnu11;
				GCC_DYNAMIC_NO_PIC = NO;
				GCC_NO_COMMON_BLOCKS = YES;
				GCC_OPTIMIZATION_LEVEL = 0;
				GCC_PREPROCESSOR_DEFINITIONS = (
					"DEBUG=1",
					"$(inherited)",
				);
				GCC_WARN_64_TO_32_BIT_CONVERSION = YES;
				GCC_WARN_ABOUT_RETURN_TYPE = YES_ERROR;
				GCC_WARN_UNDECLARED_SELECTOR = YES;
				GCC_WARN_UNINITIALIZED_AUTOS = YES_AGGRESSIVE;
				GCC_WARN_UNUSED_FUNCTION = YES;
				GCC_WARN_UNUSED_VARIABLE = YES;
				MTL_ENABLE_DEBUG_INFO = INCLUDE_SOURCE;
				MTL_FAST_MATH = YES;
				ONLY_ACTIVE_ARCH = YES;
				SWIFT_ACTIVE_COMPILATION_CONDITIONS = DEBUG;
				SWIFT_OPTIMIZATION_LEVEL = "-Onone";
			};
			name = Debug;
		};
		80807C82295A92C30037E781 /* Release */ = {
			isa = XCBuildConfiguration;
			buildSettings = {
				ALWAYS_SEARCH_USER_PATHS = NO;
				CLANG_ANALYZER_NONNULL = YES;
				CLANG_ANALYZER_NUMBER_OBJECT_CONVERSION = YES_AGGRESSIVE;
				CLANG_CXX_LANGUAGE_STANDARD = "gnu++20";
				CLANG_ENABLE_MODULES = YES;
				CLANG_ENABLE_OBJC_ARC = YES;
				CLANG_ENABLE_OBJC_WEAK = YES;
				CLANG_WARN_BLOCK_CAPTURE_AUTORELEASING = YES;
				CLANG_WARN_BOOL_CONVERSION = YES;
				CLANG_WARN_COMMA = YES;
				CLANG_WARN_CONSTANT_CONVERSION = YES;
				CLANG_WARN_DEPRECATED_OBJC_IMPLEMENTATIONS = YES;
				CLANG_WARN_DIRECT_OBJC_ISA_USAGE = YES_ERROR;
				CLANG_WARN_DOCUMENTATION_COMMENTS = YES;
				CLANG_WARN_EMPTY_BODY = YES;
				CLANG_WARN_ENUM_CONVERSION = YES;
				CLANG_WARN_INFINITE_RECURSION = YES;
				CLANG_WARN_INT_CONVERSION = YES;
				CLANG_WARN_NON_LITERAL_NULL_CONVERSION = YES;
				CLANG_WARN_OBJC_IMPLICIT_RETAIN_SELF = YES;
				CLANG_WARN_OBJC_LITERAL_CONVERSION = YES;
				CLANG_WARN_OBJC_ROOT_CLASS = YES_ERROR;
				CLANG_WARN_QUOTED_INCLUDE_IN_FRAMEWORK_HEADER = YES;
				CLANG_WARN_RANGE_LOOP_ANALYSIS = YES;
				CLANG_WARN_STRICT_PROTOTYPES = YES;
				CLANG_WARN_SUSPICIOUS_MOVE = YES;
				CLANG_WARN_UNGUARDED_AVAILABILITY = YES_AGGRESSIVE;
				CLANG_WARN_UNREACHABLE_CODE = YES;
				CLANG_WARN__DUPLICATE_METHOD_MATCH = YES;
				COPY_PHASE_STRIP = NO;
				DEBUG_INFORMATION_FORMAT = "dwarf-with-dsym";
				ENABLE_NS_ASSERTIONS = NO;
				ENABLE_STRICT_OBJC_MSGSEND = YES;
				GCC_C_LANGUAGE_STANDARD = gnu11;
				GCC_NO_COMMON_BLOCKS = YES;
				GCC_WARN_64_TO_32_BIT_CONVERSION = YES;
				GCC_WARN_ABOUT_RETURN_TYPE = YES_ERROR;
				GCC_WARN_UNDECLARED_SELECTOR = YES;
				GCC_WARN_UNINITIALIZED_AUTOS = YES_AGGRESSIVE;
				GCC_WARN_UNUSED_FUNCTION = YES;
				GCC_WARN_UNUSED_VARIABLE = YES;
				MTL_ENABLE_DEBUG_INFO = NO;
				MTL_FAST_MATH = YES;
				SWIFT_COMPILATION_MODE = wholemodule;
				SWIFT_OPTIMIZATION_LEVEL = "-O";
			};
			name = Release;
		};
		80807C84295A92C30037E781 /* Debug */ = {
			isa = XCBuildConfiguration;
			buildSettings = {
				ASSETCATALOG_COMPILER_APPICON_NAME = AppIcon;
				ASSETCATALOG_COMPILER_GLOBAL_ACCENT_COLOR_NAME = AccentColor;
				CODE_SIGN_ENTITLEMENTS = BigProjectAStoreIpadOS/BigProjectAStoreIpadOS.entitlements;
				CODE_SIGN_STYLE = Automatic;
				CURRENT_PROJECT_VERSION = 1;
				DEVELOPMENT_ASSET_PATHS = "\"BigProjectAStoreIpadOS/Preview Content\"";
				ENABLE_PREVIEWS = YES;
				GENERATE_INFOPLIST_FILE = YES;
				"INFOPLIST_KEY_UIApplicationSceneManifest_Generation[sdk=iphoneos*]" = YES;
				"INFOPLIST_KEY_UIApplicationSceneManifest_Generation[sdk=iphonesimulator*]" = YES;
				"INFOPLIST_KEY_UIApplicationSupportsIndirectInputEvents[sdk=iphoneos*]" = YES;
				"INFOPLIST_KEY_UIApplicationSupportsIndirectInputEvents[sdk=iphonesimulator*]" = YES;
				"INFOPLIST_KEY_UILaunchScreen_Generation[sdk=iphoneos*]" = YES;
				"INFOPLIST_KEY_UILaunchScreen_Generation[sdk=iphonesimulator*]" = YES;
				"INFOPLIST_KEY_UIStatusBarStyle[sdk=iphoneos*]" = UIStatusBarStyleDefault;
				"INFOPLIST_KEY_UIStatusBarStyle[sdk=iphonesimulator*]" = UIStatusBarStyleDefault;
				INFOPLIST_KEY_UISupportedInterfaceOrientations_iPad = "UIInterfaceOrientationPortrait UIInterfaceOrientationPortraitUpsideDown UIInterfaceOrientationLandscapeLeft UIInterfaceOrientationLandscapeRight";
				INFOPLIST_KEY_UISupportedInterfaceOrientations_iPhone = "UIInterfaceOrientationPortrait UIInterfaceOrientationLandscapeLeft UIInterfaceOrientationLandscapeRight";
				IPHONEOS_DEPLOYMENT_TARGET = 16.1;
				LD_RUNPATH_SEARCH_PATHS = "@executable_path/Frameworks";
				"LD_RUNPATH_SEARCH_PATHS[sdk=macosx*]" = "@executable_path/../Frameworks";
				MACOSX_DEPLOYMENT_TARGET = 13.0;
				MARKETING_VERSION = 1.0;
				PRODUCT_BUNDLE_IDENTIFIER = com.likelion.BigProjectAStoreIpadOS;
				PRODUCT_NAME = "$(TARGET_NAME)";
				SDKROOT = auto;
				SUPPORTED_PLATFORMS = "iphoneos iphonesimulator macosx";
				SWIFT_EMIT_LOC_STRINGS = YES;
				SWIFT_VERSION = 5.0;
				TARGETED_DEVICE_FAMILY = "1,2";
			};
			name = Debug;
		};
		80807C85295A92C30037E781 /* Release */ = {
			isa = XCBuildConfiguration;
			buildSettings = {
				ASSETCATALOG_COMPILER_APPICON_NAME = AppIcon;
				ASSETCATALOG_COMPILER_GLOBAL_ACCENT_COLOR_NAME = AccentColor;
				CODE_SIGN_ENTITLEMENTS = BigProjectAStoreIpadOS/BigProjectAStoreIpadOS.entitlements;
				CODE_SIGN_STYLE = Automatic;
				CURRENT_PROJECT_VERSION = 1;
				DEVELOPMENT_ASSET_PATHS = "\"BigProjectAStoreIpadOS/Preview Content\"";
				ENABLE_PREVIEWS = YES;
				GENERATE_INFOPLIST_FILE = YES;
				"INFOPLIST_KEY_UIApplicationSceneManifest_Generation[sdk=iphoneos*]" = YES;
				"INFOPLIST_KEY_UIApplicationSceneManifest_Generation[sdk=iphonesimulator*]" = YES;
				"INFOPLIST_KEY_UIApplicationSupportsIndirectInputEvents[sdk=iphoneos*]" = YES;
				"INFOPLIST_KEY_UIApplicationSupportsIndirectInputEvents[sdk=iphonesimulator*]" = YES;
				"INFOPLIST_KEY_UILaunchScreen_Generation[sdk=iphoneos*]" = YES;
				"INFOPLIST_KEY_UILaunchScreen_Generation[sdk=iphonesimulator*]" = YES;
				"INFOPLIST_KEY_UIStatusBarStyle[sdk=iphoneos*]" = UIStatusBarStyleDefault;
				"INFOPLIST_KEY_UIStatusBarStyle[sdk=iphonesimulator*]" = UIStatusBarStyleDefault;
				INFOPLIST_KEY_UISupportedInterfaceOrientations_iPad = "UIInterfaceOrientationPortrait UIInterfaceOrientationPortraitUpsideDown UIInterfaceOrientationLandscapeLeft UIInterfaceOrientationLandscapeRight";
				INFOPLIST_KEY_UISupportedInterfaceOrientations_iPhone = "UIInterfaceOrientationPortrait UIInterfaceOrientationLandscapeLeft UIInterfaceOrientationLandscapeRight";
				IPHONEOS_DEPLOYMENT_TARGET = 16.1;
				LD_RUNPATH_SEARCH_PATHS = "@executable_path/Frameworks";
				"LD_RUNPATH_SEARCH_PATHS[sdk=macosx*]" = "@executable_path/../Frameworks";
				MACOSX_DEPLOYMENT_TARGET = 13.0;
				MARKETING_VERSION = 1.0;
				PRODUCT_BUNDLE_IDENTIFIER = com.likelion.BigProjectAStoreIpadOS;
				PRODUCT_NAME = "$(TARGET_NAME)";
				SDKROOT = auto;
				SUPPORTED_PLATFORMS = "iphoneos iphonesimulator macosx";
				SWIFT_EMIT_LOC_STRINGS = YES;
				SWIFT_VERSION = 5.0;
				TARGETED_DEVICE_FAMILY = "1,2";
			};
			name = Release;
		};
/* End XCBuildConfiguration section */

/* Begin XCConfigurationList section */
		80807C6F295A92C20037E781 /* Build configuration list for PBXProject "BigProjectAStoreIpadOS" */ = {
			isa = XCConfigurationList;
			buildConfigurations = (
				80807C81295A92C30037E781 /* Debug */,
				80807C82295A92C30037E781 /* Release */,
			);
			defaultConfigurationIsVisible = 0;
			defaultConfigurationName = Release;
		};
		80807C83295A92C30037E781 /* Build configuration list for PBXNativeTarget "BigProjectAStoreIpadOS" */ = {
			isa = XCConfigurationList;
			buildConfigurations = (
				80807C84295A92C30037E781 /* Debug */,
				80807C85295A92C30037E781 /* Release */,
			);
			defaultConfigurationIsVisible = 0;
			defaultConfigurationName = Release;
		};
/* End XCConfigurationList section */
	};
	rootObject = 80807C6C295A92C20037E781 /* Project object */;
}
