// !$*UTF8*$!
{
	archiveVersion = 1;
	classes = {
	};
	objectVersion = 56;
	objects = {

/* Begin PBXBuildFile section */
		16354BE0295BE19B003D1EC8 /* ChartDetailView.swift in Sources */ = {isa = PBXBuildFile; fileRef = 16354BDF295BE19B003D1EC8 /* ChartDetailView.swift */; };
		168E7815295AC8B4001905E9 /* ChartView.swift in Sources */ = {isa = PBXBuildFile; fileRef = 168E7814295AC8B4001905E9 /* ChartView.swift */; };
		34491463295BC91200F05A54 /* MenuModel.swift in Sources */ = {isa = PBXBuildFile; fileRef = 34491462295BC91200F05A54 /* MenuModel.swift */; };
		34491465295BC94600F05A54 /* SelectedMenu.swift in Sources */ = {isa = PBXBuildFile; fileRef = 34491464295BC94600F05A54 /* SelectedMenu.swift */; };
		34491467295BC97000F05A54 /* NavigationStateManager.swift in Sources */ = {isa = PBXBuildFile; fileRef = 34491466295BC97000F05A54 /* NavigationStateManager.swift */; };
		3449146A295BC9E300F05A54 /* DeliveryView.swift in Sources */ = {isa = PBXBuildFile; fileRef = 34491469295BC9E300F05A54 /* DeliveryView.swift */; };
		3449146C295BCA0200F05A54 /* DeliverySummaryView.swift in Sources */ = {isa = PBXBuildFile; fileRef = 3449146B295BCA0200F05A54 /* DeliverySummaryView.swift */; };
		3449146E295BCCBA00F05A54 /* SettingsView.swift in Sources */ = {isa = PBXBuildFile; fileRef = 3449146D295BCCBA00F05A54 /* SettingsView.swift */; };
		3449147A295C104000F05A54 /* DeliveryModel.swift in Sources */ = {isa = PBXBuildFile; fileRef = 34491479295C104000F05A54 /* DeliveryModel.swift */; };
		36205EDE295ACCD30083F312 /* InquiryView.swift in Sources */ = {isa = PBXBuildFile; fileRef = 36205EDD295ACCD30083F312 /* InquiryView.swift */; };
		36205EE1295AD7090083F312 /* InquiryResponse.swift in Sources */ = {isa = PBXBuildFile; fileRef = 36205EE0295AD7090083F312 /* InquiryResponse.swift */; };
		3653CED5296545700072DE4F /* OrderHistoryDetailView.swift in Sources */ = {isa = PBXBuildFile; fileRef = 3653CED4296545700072DE4F /* OrderHistoryDetailView.swift */; };
		369AF1D7295BDD4F00109F16 /* CloseStoreView.swift in Sources */ = {isa = PBXBuildFile; fileRef = 369AF1D6295BDD4F00109F16 /* CloseStoreView.swift */; };
		369AF1DC295C232200109F16 /* ViewModifier.swift in Sources */ = {isa = PBXBuildFile; fileRef = 369AF1DB295C232200109F16 /* ViewModifier.swift */; };
		369AF1DE2962C7DE00109F16 /* InquiryDetailView.swift in Sources */ = {isa = PBXBuildFile; fileRef = 369AF1DD2962C7DE00109F16 /* InquiryDetailView.swift */; };
		369AF1E02965108400109F16 /* InquiryNetworkManager.swift in Sources */ = {isa = PBXBuildFile; fileRef = 369AF1DF2965108400109F16 /* InquiryNetworkManager.swift */; };
		369AF1E3296510C000109F16 /* InquiryModel.swift in Sources */ = {isa = PBXBuildFile; fileRef = 369AF1E2296510C000109F16 /* InquiryModel.swift */; };
		36DD0A6C295AD8FE00FB9C77 /* ProductModifyView.swift in Sources */ = {isa = PBXBuildFile; fileRef = 36DD0A6B295AD8FE00FB9C77 /* ProductModifyView.swift */; };
		36E4149C295AC4C20033D634 /* EditStoreView.swift in Sources */ = {isa = PBXBuildFile; fileRef = 36E4149B295AC4C20033D634 /* EditStoreView.swift */; };
		36E4149E295AC4E50033D634 /* OrderHistoryView.swift in Sources */ = {isa = PBXBuildFile; fileRef = 36E4149D295AC4E50033D634 /* OrderHistoryView.swift */; };
		36E414A0295AC5010033D634 /* ProductRegisterView.swift in Sources */ = {isa = PBXBuildFile; fileRef = 36E4149F295AC5000033D634 /* ProductRegisterView.swift */; };
		36E414A2295AC5280033D634 /* ProductInventoryView.swift in Sources */ = {isa = PBXBuildFile; fileRef = 36E414A1295AC5280033D634 /* ProductInventoryView.swift */; };
		36E414A4295AC53B0033D634 /* Product.swift in Sources */ = {isa = PBXBuildFile; fileRef = 36E414A3295AC53B0033D634 /* Product.swift */; };
		702A4D4729640307008C97B1 /* Date+.swift in Sources */ = {isa = PBXBuildFile; fileRef = 702A4D4629640307008C97B1 /* Date+.swift */; };
		706C4706295C1B9C003A5417 /* GoogleService-Info.plist in Resources */ = {isa = PBXBuildFile; fileRef = 706C4705295C1B9C003A5417 /* GoogleService-Info.plist */; };
		706C4709295C1C2D003A5417 /* FirebaseAnalytics in Frameworks */ = {isa = PBXBuildFile; productRef = 706C4708295C1C2D003A5417 /* FirebaseAnalytics */; };
		706C470B295C1C2D003A5417 /* FirebaseAnalyticsSwift in Frameworks */ = {isa = PBXBuildFile; productRef = 706C470A295C1C2D003A5417 /* FirebaseAnalyticsSwift */; };
		706C470D295C1C2D003A5417 /* FirebaseAuth in Frameworks */ = {isa = PBXBuildFile; productRef = 706C470C295C1C2D003A5417 /* FirebaseAuth */; };
		706C470F295C1C2D003A5417 /* FirebaseAuthCombine-Community in Frameworks */ = {isa = PBXBuildFile; productRef = 706C470E295C1C2D003A5417 /* FirebaseAuthCombine-Community */; };
		706C4711295C1C2D003A5417 /* FirebaseFirestore in Frameworks */ = {isa = PBXBuildFile; productRef = 706C4710295C1C2D003A5417 /* FirebaseFirestore */; };
		706C4713295C1C2D003A5417 /* FirebaseFirestoreCombine-Community in Frameworks */ = {isa = PBXBuildFile; productRef = 706C4712295C1C2D003A5417 /* FirebaseFirestoreCombine-Community */; };
		706C4715295C1C2D003A5417 /* FirebaseFirestoreSwift in Frameworks */ = {isa = PBXBuildFile; productRef = 706C4714295C1C2D003A5417 /* FirebaseFirestoreSwift */; };
		706C4717295C1C2D003A5417 /* FirebaseStorage in Frameworks */ = {isa = PBXBuildFile; productRef = 706C4716295C1C2D003A5417 /* FirebaseStorage */; };
		706C4719295C1C2D003A5417 /* FirebaseStorageCombine-Community in Frameworks */ = {isa = PBXBuildFile; productRef = 706C4718295C1C2D003A5417 /* FirebaseStorageCombine-Community */; };
		706C471C295C1D04003A5417 /* Timestamp+.swift in Sources */ = {isa = PBXBuildFile; fileRef = 706C471B295C1D04003A5417 /* Timestamp+.swift */; };
		706C471F295C1EFC003A5417 /* ItemInfo.swift in Sources */ = {isa = PBXBuildFile; fileRef = 706C471E295C1EFC003A5417 /* ItemInfo.swift */; };
		706C4722295C1F9B003A5417 /* ReviewInfo.swift in Sources */ = {isa = PBXBuildFile; fileRef = 706C4721295C1F9B003A5417 /* ReviewInfo.swift */; };
		706C4725295C29C3003A5417 /* NotificationInfo.swift in Sources */ = {isa = PBXBuildFile; fileRef = 706C4724295C29C3003A5417 /* NotificationInfo.swift */; };
		706C4728295C2A1A003A5417 /* Fundamental.swift in Sources */ = {isa = PBXBuildFile; fileRef = 706C4727295C2A1A003A5417 /* Fundamental.swift */; };
		706C472A295C357B003A5417 /* StoreNetworkManager.swift in Sources */ = {isa = PBXBuildFile; fileRef = 706C4729295C357B003A5417 /* StoreNetworkManager.swift */; };
		70BB77E029626BBF007AB929 /* UserAuthenticationModel.swift in Sources */ = {isa = PBXBuildFile; fileRef = 70BB77DF29626BBF007AB929 /* UserAuthenticationModel.swift */; };
		70BB77E229626E32007AB929 /* ModelTestView.swift in Sources */ = {isa = PBXBuildFile; fileRef = 70BB77E129626E32007AB929 /* ModelTestView.swift */; };
		8033634C295ADA45009AF68F /* CustomerOrder.swift in Sources */ = {isa = PBXBuildFile; fileRef = 8033634B295ADA45009AF68F /* CustomerOrder.swift */; };
		8033638D295BE7B0009AF68F /* ReviewView.swift in Sources */ = {isa = PBXBuildFile; fileRef = 8033638C295BE7B0009AF68F /* ReviewView.swift */; };
		80807C78295A92C20037E781 /* BigProjectAStoreIpadOSApp.swift in Sources */ = {isa = PBXBuildFile; fileRef = 80807C77295A92C20037E781 /* BigProjectAStoreIpadOSApp.swift */; };
		80807C7A295A92C20037E781 /* ContentView.swift in Sources */ = {isa = PBXBuildFile; fileRef = 80807C79295A92C20037E781 /* ContentView.swift */; };
		80807C7C295A92C30037E781 /* Assets.xcassets in Resources */ = {isa = PBXBuildFile; fileRef = 80807C7B295A92C30037E781 /* Assets.xcassets */; };
		80807C80295A92C30037E781 /* Preview Assets.xcassets in Resources */ = {isa = PBXBuildFile; fileRef = 80807C7F295A92C30037E781 /* Preview Assets.xcassets */; };
		80B23FE22962998900F1C5A0 /* CustomerReview.swift in Sources */ = {isa = PBXBuildFile; fileRef = 80B23FE12962998900F1C5A0 /* CustomerReview.swift */; };
		80B23FE429629F8800F1C5A0 /* ReviewResultTableView.swift in Sources */ = {isa = PBXBuildFile; fileRef = 80B23FE329629F8800F1C5A0 /* ReviewResultTableView.swift */; };
		C55441ED295BD15F006CF16C /* OpenStoreView.swift in Sources */ = {isa = PBXBuildFile; fileRef = C55441EC295BD15F006CF16C /* OpenStoreView.swift */; };
		C55441EF295C0BD1006CF16C /* LoginView.swift in Sources */ = {isa = PBXBuildFile; fileRef = C55441EE295C0BD1006CF16C /* LoginView.swift */; };
		C55441F2295C0C29006CF16C /* SignUpView.swift in Sources */ = {isa = PBXBuildFile; fileRef = C55441F1295C0C29006CF16C /* SignUpView.swift */; };
		C56A46392962A4E10065996D /* WaitingView.swift in Sources */ = {isa = PBXBuildFile; fileRef = C56A46382962A4E10065996D /* WaitingView.swift */; };
		CAEEB65D29653DA700097E28 /* TestView.swift in Sources */ = {isa = PBXBuildFile; fileRef = CAEEB65C29653DA700097E28 /* TestView.swift */; };
/* End PBXBuildFile section */

/* Begin PBXFileReference section */
		16354BDF295BE19B003D1EC8 /* ChartDetailView.swift */ = {isa = PBXFileReference; lastKnownFileType = sourcecode.swift; path = ChartDetailView.swift; sourceTree = "<group>"; };
		168E7814295AC8B4001905E9 /* ChartView.swift */ = {isa = PBXFileReference; lastKnownFileType = sourcecode.swift; path = ChartView.swift; sourceTree = "<group>"; };
		34491462295BC91200F05A54 /* MenuModel.swift */ = {isa = PBXFileReference; lastKnownFileType = sourcecode.swift; path = MenuModel.swift; sourceTree = "<group>"; };
		34491464295BC94600F05A54 /* SelectedMenu.swift */ = {isa = PBXFileReference; lastKnownFileType = sourcecode.swift; path = SelectedMenu.swift; sourceTree = "<group>"; };
		34491466295BC97000F05A54 /* NavigationStateManager.swift */ = {isa = PBXFileReference; lastKnownFileType = sourcecode.swift; path = NavigationStateManager.swift; sourceTree = "<group>"; };
		34491469295BC9E300F05A54 /* DeliveryView.swift */ = {isa = PBXFileReference; lastKnownFileType = sourcecode.swift; path = DeliveryView.swift; sourceTree = "<group>"; };
		3449146B295BCA0200F05A54 /* DeliverySummaryView.swift */ = {isa = PBXFileReference; lastKnownFileType = sourcecode.swift; path = DeliverySummaryView.swift; sourceTree = "<group>"; };
		3449146D295BCCBA00F05A54 /* SettingsView.swift */ = {isa = PBXFileReference; lastKnownFileType = sourcecode.swift; path = SettingsView.swift; sourceTree = "<group>"; };
		34491479295C104000F05A54 /* DeliveryModel.swift */ = {isa = PBXFileReference; lastKnownFileType = sourcecode.swift; path = DeliveryModel.swift; sourceTree = "<group>"; };
		36205EDD295ACCD30083F312 /* InquiryView.swift */ = {isa = PBXFileReference; lastKnownFileType = sourcecode.swift; path = InquiryView.swift; sourceTree = "<group>"; };
		36205EE0295AD7090083F312 /* InquiryResponse.swift */ = {isa = PBXFileReference; lastKnownFileType = sourcecode.swift; path = InquiryResponse.swift; sourceTree = "<group>"; };
		3653CED4296545700072DE4F /* OrderHistoryDetailView.swift */ = {isa = PBXFileReference; lastKnownFileType = sourcecode.swift; path = OrderHistoryDetailView.swift; sourceTree = "<group>"; };
		369AF1D6295BDD4F00109F16 /* CloseStoreView.swift */ = {isa = PBXFileReference; lastKnownFileType = sourcecode.swift; path = CloseStoreView.swift; sourceTree = "<group>"; };
		369AF1DB295C232200109F16 /* ViewModifier.swift */ = {isa = PBXFileReference; lastKnownFileType = sourcecode.swift; path = ViewModifier.swift; sourceTree = "<group>"; };
		369AF1DD2962C7DE00109F16 /* InquiryDetailView.swift */ = {isa = PBXFileReference; lastKnownFileType = sourcecode.swift; path = InquiryDetailView.swift; sourceTree = "<group>"; };
		369AF1DF2965108400109F16 /* InquiryNetworkManager.swift */ = {isa = PBXFileReference; lastKnownFileType = sourcecode.swift; path = InquiryNetworkManager.swift; sourceTree = "<group>"; };
		369AF1E2296510C000109F16 /* InquiryModel.swift */ = {isa = PBXFileReference; lastKnownFileType = sourcecode.swift; path = InquiryModel.swift; sourceTree = "<group>"; };
		36DD0A6B295AD8FE00FB9C77 /* ProductModifyView.swift */ = {isa = PBXFileReference; lastKnownFileType = sourcecode.swift; path = ProductModifyView.swift; sourceTree = "<group>"; };
		36E4149B295AC4C20033D634 /* EditStoreView.swift */ = {isa = PBXFileReference; lastKnownFileType = sourcecode.swift; path = EditStoreView.swift; sourceTree = "<group>"; };
		36E4149D295AC4E50033D634 /* OrderHistoryView.swift */ = {isa = PBXFileReference; lastKnownFileType = sourcecode.swift; path = OrderHistoryView.swift; sourceTree = "<group>"; };
		36E4149F295AC5000033D634 /* ProductRegisterView.swift */ = {isa = PBXFileReference; lastKnownFileType = sourcecode.swift; path = ProductRegisterView.swift; sourceTree = "<group>"; };
		36E414A1295AC5280033D634 /* ProductInventoryView.swift */ = {isa = PBXFileReference; lastKnownFileType = sourcecode.swift; path = ProductInventoryView.swift; sourceTree = "<group>"; };
		36E414A3295AC53B0033D634 /* Product.swift */ = {isa = PBXFileReference; lastKnownFileType = sourcecode.swift; path = Product.swift; sourceTree = "<group>"; };
		702A4D4629640307008C97B1 /* Date+.swift */ = {isa = PBXFileReference; lastKnownFileType = sourcecode.swift; path = "Date+.swift"; sourceTree = "<group>"; };
		706C4705295C1B9C003A5417 /* GoogleService-Info.plist */ = {isa = PBXFileReference; fileEncoding = 4; lastKnownFileType = text.plist.xml; path = "GoogleService-Info.plist"; sourceTree = "<group>"; };
		706C471B295C1D04003A5417 /* Timestamp+.swift */ = {isa = PBXFileReference; lastKnownFileType = sourcecode.swift; path = "Timestamp+.swift"; sourceTree = "<group>"; };
		706C471E295C1EFC003A5417 /* ItemInfo.swift */ = {isa = PBXFileReference; lastKnownFileType = sourcecode.swift; path = ItemInfo.swift; sourceTree = "<group>"; };
		706C4721295C1F9B003A5417 /* ReviewInfo.swift */ = {isa = PBXFileReference; lastKnownFileType = sourcecode.swift; path = ReviewInfo.swift; sourceTree = "<group>"; };
		706C4724295C29C3003A5417 /* NotificationInfo.swift */ = {isa = PBXFileReference; lastKnownFileType = sourcecode.swift; path = NotificationInfo.swift; sourceTree = "<group>"; };
		706C4727295C2A1A003A5417 /* Fundamental.swift */ = {isa = PBXFileReference; lastKnownFileType = sourcecode.swift; path = Fundamental.swift; sourceTree = "<group>"; };
		706C4729295C357B003A5417 /* StoreNetworkManager.swift */ = {isa = PBXFileReference; lastKnownFileType = sourcecode.swift; path = StoreNetworkManager.swift; sourceTree = "<group>"; };
		70BB77DF29626BBF007AB929 /* UserAuthenticationModel.swift */ = {isa = PBXFileReference; lastKnownFileType = sourcecode.swift; path = UserAuthenticationModel.swift; sourceTree = "<group>"; };
		70BB77E129626E32007AB929 /* ModelTestView.swift */ = {isa = PBXFileReference; lastKnownFileType = sourcecode.swift; path = ModelTestView.swift; sourceTree = "<group>"; };
		8033634B295ADA45009AF68F /* CustomerOrder.swift */ = {isa = PBXFileReference; lastKnownFileType = sourcecode.swift; path = CustomerOrder.swift; sourceTree = "<group>"; };
		8033638C295BE7B0009AF68F /* ReviewView.swift */ = {isa = PBXFileReference; lastKnownFileType = sourcecode.swift; path = ReviewView.swift; sourceTree = "<group>"; };
		80807C74295A92C20037E781 /* BigProjectAStoreIpadOS.app */ = {isa = PBXFileReference; explicitFileType = wrapper.application; includeInIndex = 0; path = BigProjectAStoreIpadOS.app; sourceTree = BUILT_PRODUCTS_DIR; };
		80807C77295A92C20037E781 /* BigProjectAStoreIpadOSApp.swift */ = {isa = PBXFileReference; lastKnownFileType = sourcecode.swift; path = BigProjectAStoreIpadOSApp.swift; sourceTree = "<group>"; };
		80807C79295A92C20037E781 /* ContentView.swift */ = {isa = PBXFileReference; lastKnownFileType = sourcecode.swift; path = ContentView.swift; sourceTree = "<group>"; };
		80807C7B295A92C30037E781 /* Assets.xcassets */ = {isa = PBXFileReference; lastKnownFileType = folder.assetcatalog; path = Assets.xcassets; sourceTree = "<group>"; };
		80807C7D295A92C30037E781 /* BigProjectAStoreIpadOS.entitlements */ = {isa = PBXFileReference; lastKnownFileType = text.plist.entitlements; path = BigProjectAStoreIpadOS.entitlements; sourceTree = "<group>"; };
		80807C7F295A92C30037E781 /* Preview Assets.xcassets */ = {isa = PBXFileReference; lastKnownFileType = folder.assetcatalog; path = "Preview Assets.xcassets"; sourceTree = "<group>"; };
		80B23FE12962998900F1C5A0 /* CustomerReview.swift */ = {isa = PBXFileReference; lastKnownFileType = sourcecode.swift; path = CustomerReview.swift; sourceTree = "<group>"; };
		80B23FE329629F8800F1C5A0 /* ReviewResultTableView.swift */ = {isa = PBXFileReference; lastKnownFileType = sourcecode.swift; path = ReviewResultTableView.swift; sourceTree = "<group>"; };
		C55441EC295BD15F006CF16C /* OpenStoreView.swift */ = {isa = PBXFileReference; lastKnownFileType = sourcecode.swift; path = OpenStoreView.swift; sourceTree = "<group>"; };
		C55441EE295C0BD1006CF16C /* LoginView.swift */ = {isa = PBXFileReference; lastKnownFileType = sourcecode.swift; path = LoginView.swift; sourceTree = "<group>"; };
		C55441F1295C0C29006CF16C /* SignUpView.swift */ = {isa = PBXFileReference; lastKnownFileType = sourcecode.swift; path = SignUpView.swift; sourceTree = "<group>"; };
		C56A46382962A4E10065996D /* WaitingView.swift */ = {isa = PBXFileReference; lastKnownFileType = sourcecode.swift; path = WaitingView.swift; sourceTree = "<group>"; };
		CAEEB65C29653DA700097E28 /* TestView.swift */ = {isa = PBXFileReference; lastKnownFileType = sourcecode.swift; path = TestView.swift; sourceTree = "<group>"; };
/* End PBXFileReference section */

/* Begin PBXFrameworksBuildPhase section */
		80807C71295A92C20037E781 /* Frameworks */ = {
			isa = PBXFrameworksBuildPhase;
			buildActionMask = 2147483647;
			files = (
				706C470B295C1C2D003A5417 /* FirebaseAnalyticsSwift in Frameworks */,
				706C470D295C1C2D003A5417 /* FirebaseAuth in Frameworks */,
				706C4709295C1C2D003A5417 /* FirebaseAnalytics in Frameworks */,
				706C4715295C1C2D003A5417 /* FirebaseFirestoreSwift in Frameworks */,
				706C4713295C1C2D003A5417 /* FirebaseFirestoreCombine-Community in Frameworks */,
				706C4717295C1C2D003A5417 /* FirebaseStorage in Frameworks */,
				706C4711295C1C2D003A5417 /* FirebaseFirestore in Frameworks */,
				706C4719295C1C2D003A5417 /* FirebaseStorageCombine-Community in Frameworks */,
				706C470F295C1C2D003A5417 /* FirebaseAuthCombine-Community in Frameworks */,
			);
			runOnlyForDeploymentPostprocessing = 0;
		};
/* End PBXFrameworksBuildPhase section */

/* Begin PBXGroup section */
		34491460295BC8B300F05A54 /* Model */ = {
			isa = PBXGroup;
			children = (
				706C4727295C2A1A003A5417 /* Fundamental.swift */,
				706C4723295C29B8003A5417 /* Notifications */,
				706C4720295C1F91003A5417 /* Reviews */,
				706C471D295C1EF4003A5417 /* Item */,
				34491462295BC91200F05A54 /* MenuModel.swift */,
				34491479295C104000F05A54 /* DeliveryModel.swift */,
				369AF1E12965109F00109F16 /* Inquiry */,
			);
			path = Model;
			sourceTree = "<group>";
		};
		34491461295BC8BA00F05A54 /* ViewModel */ = {
			isa = PBXGroup;
			children = (
				70BB77E129626E32007AB929 /* ModelTestView.swift */,
				706C4704295C1A89003A5417 /* Store */,
				34491464295BC94600F05A54 /* SelectedMenu.swift */,
				34491466295BC97000F05A54 /* NavigationStateManager.swift */,
			);
			path = ViewModel;
			sourceTree = "<group>";
		};
		34491468295BC9CA00F05A54 /* DeliveryView */ = {
			isa = PBXGroup;
			children = (
				34491469295BC9E300F05A54 /* DeliveryView.swift */,
				3449146B295BCA0200F05A54 /* DeliverySummaryView.swift */,
			);
			path = DeliveryView;
			sourceTree = "<group>";
		};
		36205EDF295ACD800083F312 /* InquiryReviewView */ = {
			isa = PBXGroup;
			children = (
				36205EDD295ACCD30083F312 /* InquiryView.swift */,
				369AF1DD2962C7DE00109F16 /* InquiryDetailView.swift */,
				8033638C295BE7B0009AF68F /* ReviewView.swift */,
				80B23FE329629F8800F1C5A0 /* ReviewResultTableView.swift */,
				CAEEB65C29653DA700097E28 /* TestView.swift */,
			);
			path = InquiryReviewView;
			sourceTree = "<group>";
		};
		369AF1E12965109F00109F16 /* Inquiry */ = {
			isa = PBXGroup;
			children = (
				369AF1E2296510C000109F16 /* InquiryModel.swift */,
			);
			path = Inquiry;
			sourceTree = "<group>";
		};
		36E414A5295AC5670033D634 /* View */ = {
			isa = PBXGroup;
			children = (
				C55441F0295C0BDD006CF16C /* LoginVIew */,
				80807C79295A92C20037E781 /* ContentView.swift */,
				3449146D295BCCBA00F05A54 /* SettingsView.swift */,
				36205EDF295ACD800083F312 /* InquiryReviewView */,
				168E7814295AC8B4001905E9 /* ChartView.swift */,
				16354BDF295BE19B003D1EC8 /* ChartDetailView.swift */,
				36E414A8295AC5F90033D634 /* StoreManageView */,
				36E414A6295AC5C20033D634 /* ProductManageView */,
				36E414A7295AC5DA0033D634 /* OrderManageView */,
			);
			path = View;
			sourceTree = "<group>";
		};
		36E414A6295AC5C20033D634 /* ProductManageView */ = {
			isa = PBXGroup;
			children = (
				36E4149F295AC5000033D634 /* ProductRegisterView.swift */,
				36E414A1295AC5280033D634 /* ProductInventoryView.swift */,
				36DD0A6B295AD8FE00FB9C77 /* ProductModifyView.swift */,
			);
			path = ProductManageView;
			sourceTree = "<group>";
		};
		36E414A7295AC5DA0033D634 /* OrderManageView */ = {
			isa = PBXGroup;
			children = (
				36E4149D295AC4E50033D634 /* OrderHistoryView.swift */,
				3653CED4296545700072DE4F /* OrderHistoryDetailView.swift */,
				34491468295BC9CA00F05A54 /* DeliveryView */,
			);
			path = OrderManageView;
			sourceTree = "<group>";
		};
		36E414A8295AC5F90033D634 /* StoreManageView */ = {
			isa = PBXGroup;
			children = (
				36E4149B295AC4C20033D634 /* EditStoreView.swift */,
				369AF1D6295BDD4F00109F16 /* CloseStoreView.swift */,
			);
			path = StoreManageView;
			sourceTree = "<group>";
		};
		706C4704295C1A89003A5417 /* Store */ = {
			isa = PBXGroup;
			children = (
				706C4729295C357B003A5417 /* StoreNetworkManager.swift */,
				369AF1DF2965108400109F16 /* InquiryNetworkManager.swift */,
				70BB77DF29626BBF007AB929 /* UserAuthenticationModel.swift */,
			);
			path = Store;
			sourceTree = "<group>";
		};
		706C471A295C1CF6003A5417 /* Extensions */ = {
			isa = PBXGroup;
			children = (
				706C471B295C1D04003A5417 /* Timestamp+.swift */,
				702A4D4629640307008C97B1 /* Date+.swift */,
			);
			path = Extensions;
			sourceTree = "<group>";
		};
		706C471D295C1EF4003A5417 /* Item */ = {
			isa = PBXGroup;
			children = (
				706C471E295C1EFC003A5417 /* ItemInfo.swift */,
			);
			path = Item;
			sourceTree = "<group>";
		};
		706C4720295C1F91003A5417 /* Reviews */ = {
			isa = PBXGroup;
			children = (
				706C4721295C1F9B003A5417 /* ReviewInfo.swift */,
			);
			path = Reviews;
			sourceTree = "<group>";
		};
		706C4723295C29B8003A5417 /* Notifications */ = {
			isa = PBXGroup;
			children = (
				706C4724295C29C3003A5417 /* NotificationInfo.swift */,
			);
			path = Notifications;
			sourceTree = "<group>";
		};
		80807C6B295A92C20037E781 = {
			isa = PBXGroup;
			children = (
				80807C76295A92C20037E781 /* BigProjectAStoreIpadOS */,
				80807C75295A92C20037E781 /* Products */,
			);
			sourceTree = "<group>";
		};
		80807C75295A92C20037E781 /* Products */ = {
			isa = PBXGroup;
			children = (
				80807C74295A92C20037E781 /* BigProjectAStoreIpadOS.app */,
			);
			name = Products;
			sourceTree = "<group>";
		};
		80807C76295A92C20037E781 /* BigProjectAStoreIpadOS */ = {
			isa = PBXGroup;
			children = (
				80807C77295A92C20037E781 /* BigProjectAStoreIpadOSApp.swift */,
				706C471A295C1CF6003A5417 /* Extensions */,
				36E414A5295AC5670033D634 /* View */,
				36E414A3295AC53B0033D634 /* Product.swift */,
				36205EE0295AD7090083F312 /* InquiryResponse.swift */,
				8033634B295ADA45009AF68F /* CustomerOrder.swift */,
				80B23FE12962998900F1C5A0 /* CustomerReview.swift */,
				34491460295BC8B300F05A54 /* Model */,
				34491461295BC8BA00F05A54 /* ViewModel */,
				80807C7B295A92C30037E781 /* Assets.xcassets */,
				706C4705295C1B9C003A5417 /* GoogleService-Info.plist */,
				80807C7D295A92C30037E781 /* BigProjectAStoreIpadOS.entitlements */,
				80807C7E295A92C30037E781 /* Preview Content */,
			);
			path = BigProjectAStoreIpadOS;
			sourceTree = "<group>";
		};
		80807C7E295A92C30037E781 /* Preview Content */ = {
			isa = PBXGroup;
			children = (
				80807C7F295A92C30037E781 /* Preview Assets.xcassets */,
			);
			path = "Preview Content";
			sourceTree = "<group>";
		};
		C55441F0295C0BDD006CF16C /* LoginVIew */ = {
			isa = PBXGroup;
			children = (
				C55441EE295C0BD1006CF16C /* LoginView.swift */,
				C55441EC295BD15F006CF16C /* OpenStoreView.swift */,
				C55441F1295C0C29006CF16C /* SignUpView.swift */,
				369AF1DB295C232200109F16 /* ViewModifier.swift */,
				C56A46382962A4E10065996D /* WaitingView.swift */,
			);
			path = LoginVIew;
			sourceTree = "<group>";
		};
/* End PBXGroup section */

/* Begin PBXNativeTarget section */
		80807C73295A92C20037E781 /* BigProjectAStoreIpadOS */ = {
			isa = PBXNativeTarget;
			buildConfigurationList = 80807C83295A92C30037E781 /* Build configuration list for PBXNativeTarget "BigProjectAStoreIpadOS" */;
			buildPhases = (
				80807C70295A92C20037E781 /* Sources */,
				80807C71295A92C20037E781 /* Frameworks */,
				80807C72295A92C20037E781 /* Resources */,
			);
			buildRules = (
			);
			dependencies = (
			);
			name = BigProjectAStoreIpadOS;
			packageProductDependencies = (
				706C4708295C1C2D003A5417 /* FirebaseAnalytics */,
				706C470A295C1C2D003A5417 /* FirebaseAnalyticsSwift */,
				706C470C295C1C2D003A5417 /* FirebaseAuth */,
				706C470E295C1C2D003A5417 /* FirebaseAuthCombine-Community */,
				706C4710295C1C2D003A5417 /* FirebaseFirestore */,
				706C4712295C1C2D003A5417 /* FirebaseFirestoreCombine-Community */,
				706C4714295C1C2D003A5417 /* FirebaseFirestoreSwift */,
				706C4716295C1C2D003A5417 /* FirebaseStorage */,
				706C4718295C1C2D003A5417 /* FirebaseStorageCombine-Community */,
			);
			productName = BigProjectAStoreIpadOS;
			productReference = 80807C74295A92C20037E781 /* BigProjectAStoreIpadOS.app */;
			productType = "com.apple.product-type.application";
		};
/* End PBXNativeTarget section */

/* Begin PBXProject section */
		80807C6C295A92C20037E781 /* Project object */ = {
			isa = PBXProject;
			attributes = {
				BuildIndependentTargetsInParallel = 1;
				LastSwiftUpdateCheck = 1420;
				LastUpgradeCheck = 1420;
				TargetAttributes = {
					80807C73295A92C20037E781 = {
						CreatedOnToolsVersion = 14.2;
					};
				};
			};
			buildConfigurationList = 80807C6F295A92C20037E781 /* Build configuration list for PBXProject "BigProjectAStoreIpadOS" */;
			compatibilityVersion = "Xcode 14.0";
			developmentRegion = en;
			hasScannedForEncodings = 0;
			knownRegions = (
				en,
				Base,
			);
			mainGroup = 80807C6B295A92C20037E781;
			packageReferences = (
				706C4707295C1C2D003A5417 /* XCRemoteSwiftPackageReference "firebase-ios-sdk" */,
			);
			productRefGroup = 80807C75295A92C20037E781 /* Products */;
			projectDirPath = "";
			projectRoot = "";
			targets = (
				80807C73295A92C20037E781 /* BigProjectAStoreIpadOS */,
			);
		};
/* End PBXProject section */

/* Begin PBXResourcesBuildPhase section */
		80807C72295A92C20037E781 /* Resources */ = {
			isa = PBXResourcesBuildPhase;
			buildActionMask = 2147483647;
			files = (
				706C4706295C1B9C003A5417 /* GoogleService-Info.plist in Resources */,
				80807C80295A92C30037E781 /* Preview Assets.xcassets in Resources */,
				80807C7C295A92C30037E781 /* Assets.xcassets in Resources */,
			);
			runOnlyForDeploymentPostprocessing = 0;
		};
/* End PBXResourcesBuildPhase section */

/* Begin PBXSourcesBuildPhase section */
		80807C70295A92C20037E781 /* Sources */ = {
			isa = PBXSourcesBuildPhase;
			buildActionMask = 2147483647;
			files = (
				34491463295BC91200F05A54 /* MenuModel.swift in Sources */,
				369AF1DE2962C7DE00109F16 /* InquiryDetailView.swift in Sources */,
				36205EE1295AD7090083F312 /* InquiryResponse.swift in Sources */,
				706C471C295C1D04003A5417 /* Timestamp+.swift in Sources */,
				369AF1D7295BDD4F00109F16 /* CloseStoreView.swift in Sources */,
				36205EDE295ACCD30083F312 /* InquiryView.swift in Sources */,
				3653CED5296545700072DE4F /* OrderHistoryDetailView.swift in Sources */,
				3449147A295C104000F05A54 /* DeliveryModel.swift in Sources */,
				8033638D295BE7B0009AF68F /* ReviewView.swift in Sources */,
				3449146E295BCCBA00F05A54 /* SettingsView.swift in Sources */,
				70BB77E029626BBF007AB929 /* UserAuthenticationModel.swift in Sources */,
				702A4D4729640307008C97B1 /* Date+.swift in Sources */,
				C55441ED295BD15F006CF16C /* OpenStoreView.swift in Sources */,
				3449146A295BC9E300F05A54 /* DeliveryView.swift in Sources */,
				80B23FE429629F8800F1C5A0 /* ReviewResultTableView.swift in Sources */,
				8033634C295ADA45009AF68F /* CustomerOrder.swift in Sources */,
				C55441EF295C0BD1006CF16C /* LoginView.swift in Sources */,
				369AF1DC295C232200109F16 /* ViewModifier.swift in Sources */,
				3449146C295BCA0200F05A54 /* DeliverySummaryView.swift in Sources */,
				36E414A4295AC53B0033D634 /* Product.swift in Sources */,
				80B23FE22962998900F1C5A0 /* CustomerReview.swift in Sources */,
				369AF1E3296510C000109F16 /* InquiryModel.swift in Sources */,
				36E414A0295AC5010033D634 /* ProductRegisterView.swift in Sources */,
				C55441F2295C0C29006CF16C /* SignUpView.swift in Sources */,
				34491465295BC94600F05A54 /* SelectedMenu.swift in Sources */,
				70BB77E229626E32007AB929 /* ModelTestView.swift in Sources */,
				706C4722295C1F9B003A5417 /* ReviewInfo.swift in Sources */,
				706C472A295C357B003A5417 /* StoreNetworkManager.swift in Sources */,
				36E4149C295AC4C20033D634 /* EditStoreView.swift in Sources */,
				36DD0A6C295AD8FE00FB9C77 /* ProductModifyView.swift in Sources */,
				80807C7A295A92C20037E781 /* ContentView.swift in Sources */,
				706C4725295C29C3003A5417 /* NotificationInfo.swift in Sources */,
				34491467295BC97000F05A54 /* NavigationStateManager.swift in Sources */,
				C56A46392962A4E10065996D /* WaitingView.swift in Sources */,
				168E7815295AC8B4001905E9 /* ChartView.swift in Sources */,
				706C471F295C1EFC003A5417 /* ItemInfo.swift in Sources */,
				16354BE0295BE19B003D1EC8 /* ChartDetailView.swift in Sources */,
				80807C78295A92C20037E781 /* BigProjectAStoreIpadOSApp.swift in Sources */,
				369AF1E02965108400109F16 /* InquiryNetworkManager.swift in Sources */,
				CAEEB65D29653DA700097E28 /* TestView.swift in Sources */,
				706C4728295C2A1A003A5417 /* Fundamental.swift in Sources */,
				36E4149E295AC4E50033D634 /* OrderHistoryView.swift in Sources */,
				36E414A2295AC5280033D634 /* ProductInventoryView.swift in Sources */,
			);
			runOnlyForDeploymentPostprocessing = 0;
		};
/* End PBXSourcesBuildPhase section */

/* Begin XCBuildConfiguration section */
		80807C81295A92C30037E781 /* Debug */ = {
			isa = XCBuildConfiguration;
			buildSettings = {
				ALWAYS_SEARCH_USER_PATHS = NO;
				CLANG_ANALYZER_NONNULL = YES;
				CLANG_ANALYZER_NUMBER_OBJECT_CONVERSION = YES_AGGRESSIVE;
				CLANG_CXX_LANGUAGE_STANDARD = "gnu++20";
				CLANG_ENABLE_MODULES = YES;
				CLANG_ENABLE_OBJC_ARC = YES;
				CLANG_ENABLE_OBJC_WEAK = YES;
				CLANG_WARN_BLOCK_CAPTURE_AUTORELEASING = YES;
				CLANG_WARN_BOOL_CONVERSION = YES;
				CLANG_WARN_COMMA = YES;
				CLANG_WARN_CONSTANT_CONVERSION = YES;
				CLANG_WARN_DEPRECATED_OBJC_IMPLEMENTATIONS = YES;
				CLANG_WARN_DIRECT_OBJC_ISA_USAGE = YES_ERROR;
				CLANG_WARN_DOCUMENTATION_COMMENTS = YES;
				CLANG_WARN_EMPTY_BODY = YES;
				CLANG_WARN_ENUM_CONVERSION = YES;
				CLANG_WARN_INFINITE_RECURSION = YES;
				CLANG_WARN_INT_CONVERSION = YES;
				CLANG_WARN_NON_LITERAL_NULL_CONVERSION = YES;
				CLANG_WARN_OBJC_IMPLICIT_RETAIN_SELF = YES;
				CLANG_WARN_OBJC_LITERAL_CONVERSION = YES;
				CLANG_WARN_OBJC_ROOT_CLASS = YES_ERROR;
				CLANG_WARN_QUOTED_INCLUDE_IN_FRAMEWORK_HEADER = YES;
				CLANG_WARN_RANGE_LOOP_ANALYSIS = YES;
				CLANG_WARN_STRICT_PROTOTYPES = YES;
				CLANG_WARN_SUSPICIOUS_MOVE = YES;
				CLANG_WARN_UNGUARDED_AVAILABILITY = YES_AGGRESSIVE;
				CLANG_WARN_UNREACHABLE_CODE = YES;
				CLANG_WARN__DUPLICATE_METHOD_MATCH = YES;
				COPY_PHASE_STRIP = NO;
				DEBUG_INFORMATION_FORMAT = dwarf;
				ENABLE_STRICT_OBJC_MSGSEND = YES;
				ENABLE_TESTABILITY = YES;
				GCC_C_LANGUAGE_STANDARD = gnu11;
				GCC_DYNAMIC_NO_PIC = NO;
				GCC_NO_COMMON_BLOCKS = YES;
				GCC_OPTIMIZATION_LEVEL = 0;
				GCC_PREPROCESSOR_DEFINITIONS = (
					"DEBUG=1",
					"$(inherited)",
				);
				GCC_WARN_64_TO_32_BIT_CONVERSION = YES;
				GCC_WARN_ABOUT_RETURN_TYPE = YES_ERROR;
				GCC_WARN_UNDECLARED_SELECTOR = YES;
				GCC_WARN_UNINITIALIZED_AUTOS = YES_AGGRESSIVE;
				GCC_WARN_UNUSED_FUNCTION = YES;
				GCC_WARN_UNUSED_VARIABLE = YES;
				MTL_ENABLE_DEBUG_INFO = INCLUDE_SOURCE;
				MTL_FAST_MATH = YES;
				ONLY_ACTIVE_ARCH = YES;
				SWIFT_ACTIVE_COMPILATION_CONDITIONS = DEBUG;
				SWIFT_OPTIMIZATION_LEVEL = "-Onone";
			};
			name = Debug;
		};
		80807C82295A92C30037E781 /* Release */ = {
			isa = XCBuildConfiguration;
			buildSettings = {
				ALWAYS_SEARCH_USER_PATHS = NO;
				CLANG_ANALYZER_NONNULL = YES;
				CLANG_ANALYZER_NUMBER_OBJECT_CONVERSION = YES_AGGRESSIVE;
				CLANG_CXX_LANGUAGE_STANDARD = "gnu++20";
				CLANG_ENABLE_MODULES = YES;
				CLANG_ENABLE_OBJC_ARC = YES;
				CLANG_ENABLE_OBJC_WEAK = YES;
				CLANG_WARN_BLOCK_CAPTURE_AUTORELEASING = YES;
				CLANG_WARN_BOOL_CONVERSION = YES;
				CLANG_WARN_COMMA = YES;
				CLANG_WARN_CONSTANT_CONVERSION = YES;
				CLANG_WARN_DEPRECATED_OBJC_IMPLEMENTATIONS = YES;
				CLANG_WARN_DIRECT_OBJC_ISA_USAGE = YES_ERROR;
				CLANG_WARN_DOCUMENTATION_COMMENTS = YES;
				CLANG_WARN_EMPTY_BODY = YES;
				CLANG_WARN_ENUM_CONVERSION = YES;
				CLANG_WARN_INFINITE_RECURSION = YES;
				CLANG_WARN_INT_CONVERSION = YES;
				CLANG_WARN_NON_LITERAL_NULL_CONVERSION = YES;
				CLANG_WARN_OBJC_IMPLICIT_RETAIN_SELF = YES;
				CLANG_WARN_OBJC_LITERAL_CONVERSION = YES;
				CLANG_WARN_OBJC_ROOT_CLASS = YES_ERROR;
				CLANG_WARN_QUOTED_INCLUDE_IN_FRAMEWORK_HEADER = YES;
				CLANG_WARN_RANGE_LOOP_ANALYSIS = YES;
				CLANG_WARN_STRICT_PROTOTYPES = YES;
				CLANG_WARN_SUSPICIOUS_MOVE = YES;
				CLANG_WARN_UNGUARDED_AVAILABILITY = YES_AGGRESSIVE;
				CLANG_WARN_UNREACHABLE_CODE = YES;
				CLANG_WARN__DUPLICATE_METHOD_MATCH = YES;
				COPY_PHASE_STRIP = NO;
				DEBUG_INFORMATION_FORMAT = "dwarf-with-dsym";
				ENABLE_NS_ASSERTIONS = NO;
				ENABLE_STRICT_OBJC_MSGSEND = YES;
				GCC_C_LANGUAGE_STANDARD = gnu11;
				GCC_NO_COMMON_BLOCKS = YES;
				GCC_WARN_64_TO_32_BIT_CONVERSION = YES;
				GCC_WARN_ABOUT_RETURN_TYPE = YES_ERROR;
				GCC_WARN_UNDECLARED_SELECTOR = YES;
				GCC_WARN_UNINITIALIZED_AUTOS = YES_AGGRESSIVE;
				GCC_WARN_UNUSED_FUNCTION = YES;
				GCC_WARN_UNUSED_VARIABLE = YES;
				MTL_ENABLE_DEBUG_INFO = NO;
				MTL_FAST_MATH = YES;
				SWIFT_COMPILATION_MODE = wholemodule;
				SWIFT_OPTIMIZATION_LEVEL = "-O";
			};
			name = Release;
		};
		80807C84295A92C30037E781 /* Debug */ = {
			isa = XCBuildConfiguration;
			buildSettings = {
				ASSETCATALOG_COMPILER_APPICON_NAME = AppIcon;
				ASSETCATALOG_COMPILER_GLOBAL_ACCENT_COLOR_NAME = AccentColor;
				CODE_SIGN_ENTITLEMENTS = BigProjectAStoreIpadOS/BigProjectAStoreIpadOS.entitlements;
				CODE_SIGN_STYLE = Automatic;
				CURRENT_PROJECT_VERSION = 1;
				DEVELOPMENT_ASSET_PATHS = "\"BigProjectAStoreIpadOS/Preview Content\"";
				ENABLE_PREVIEWS = YES;
				GENERATE_INFOPLIST_FILE = YES;
				"INFOPLIST_KEY_UIApplicationSceneManifest_Generation[sdk=iphoneos*]" = YES;
				"INFOPLIST_KEY_UIApplicationSceneManifest_Generation[sdk=iphonesimulator*]" = YES;
				"INFOPLIST_KEY_UIApplicationSupportsIndirectInputEvents[sdk=iphoneos*]" = YES;
				"INFOPLIST_KEY_UIApplicationSupportsIndirectInputEvents[sdk=iphonesimulator*]" = YES;
				"INFOPLIST_KEY_UILaunchScreen_Generation[sdk=iphoneos*]" = YES;
				"INFOPLIST_KEY_UILaunchScreen_Generation[sdk=iphonesimulator*]" = YES;
				"INFOPLIST_KEY_UIStatusBarStyle[sdk=iphoneos*]" = UIStatusBarStyleDefault;
				"INFOPLIST_KEY_UIStatusBarStyle[sdk=iphonesimulator*]" = UIStatusBarStyleDefault;
				INFOPLIST_KEY_UISupportedInterfaceOrientations_iPad = "UIInterfaceOrientationPortrait UIInterfaceOrientationPortraitUpsideDown UIInterfaceOrientationLandscapeLeft UIInterfaceOrientationLandscapeRight";
				INFOPLIST_KEY_UISupportedInterfaceOrientations_iPhone = "UIInterfaceOrientationPortrait UIInterfaceOrientationLandscapeLeft UIInterfaceOrientationLandscapeRight";
				IPHONEOS_DEPLOYMENT_TARGET = 16.0;
				LD_RUNPATH_SEARCH_PATHS = "@executable_path/Frameworks";
				"LD_RUNPATH_SEARCH_PATHS[sdk=macosx*]" = "@executable_path/../Frameworks";
				MACOSX_DEPLOYMENT_TARGET = 13.0;
				MARKETING_VERSION = 1.0;
				PRODUCT_BUNDLE_IDENTIFIER = com.likelion.BigProjectAStoreIpadOS;
				PRODUCT_NAME = "$(TARGET_NAME)";
				SDKROOT = auto;
				SUPPORTED_PLATFORMS = "iphoneos iphonesimulator macosx";
				SWIFT_EMIT_LOC_STRINGS = YES;
				SWIFT_VERSION = 5.0;
				TARGETED_DEVICE_FAMILY = "1,2";
			};
			name = Debug;
		};
		80807C85295A92C30037E781 /* Release */ = {
			isa = XCBuildConfiguration;
			buildSettings = {
				ASSETCATALOG_COMPILER_APPICON_NAME = AppIcon;
				ASSETCATALOG_COMPILER_GLOBAL_ACCENT_COLOR_NAME = AccentColor;
				CODE_SIGN_ENTITLEMENTS = BigProjectAStoreIpadOS/BigProjectAStoreIpadOS.entitlements;
				CODE_SIGN_STYLE = Automatic;
				CURRENT_PROJECT_VERSION = 1;
				DEVELOPMENT_ASSET_PATHS = "\"BigProjectAStoreIpadOS/Preview Content\"";
				ENABLE_PREVIEWS = YES;
				GENERATE_INFOPLIST_FILE = YES;
				"INFOPLIST_KEY_UIApplicationSceneManifest_Generation[sdk=iphoneos*]" = YES;
				"INFOPLIST_KEY_UIApplicationSceneManifest_Generation[sdk=iphonesimulator*]" = YES;
				"INFOPLIST_KEY_UIApplicationSupportsIndirectInputEvents[sdk=iphoneos*]" = YES;
				"INFOPLIST_KEY_UIApplicationSupportsIndirectInputEvents[sdk=iphonesimulator*]" = YES;
				"INFOPLIST_KEY_UILaunchScreen_Generation[sdk=iphoneos*]" = YES;
				"INFOPLIST_KEY_UILaunchScreen_Generation[sdk=iphonesimulator*]" = YES;
				"INFOPLIST_KEY_UIStatusBarStyle[sdk=iphoneos*]" = UIStatusBarStyleDefault;
				"INFOPLIST_KEY_UIStatusBarStyle[sdk=iphonesimulator*]" = UIStatusBarStyleDefault;
				INFOPLIST_KEY_UISupportedInterfaceOrientations_iPad = "UIInterfaceOrientationPortrait UIInterfaceOrientationPortraitUpsideDown UIInterfaceOrientationLandscapeLeft UIInterfaceOrientationLandscapeRight";
				INFOPLIST_KEY_UISupportedInterfaceOrientations_iPhone = "UIInterfaceOrientationPortrait UIInterfaceOrientationLandscapeLeft UIInterfaceOrientationLandscapeRight";
				IPHONEOS_DEPLOYMENT_TARGET = 16.0;
				LD_RUNPATH_SEARCH_PATHS = "@executable_path/Frameworks";
				"LD_RUNPATH_SEARCH_PATHS[sdk=macosx*]" = "@executable_path/../Frameworks";
				MACOSX_DEPLOYMENT_TARGET = 13.0;
				MARKETING_VERSION = 1.0;
				PRODUCT_BUNDLE_IDENTIFIER = com.likelion.BigProjectAStoreIpadOS;
				PRODUCT_NAME = "$(TARGET_NAME)";
				SDKROOT = auto;
				SUPPORTED_PLATFORMS = "iphoneos iphonesimulator macosx";
				SWIFT_EMIT_LOC_STRINGS = YES;
				SWIFT_VERSION = 5.0;
				TARGETED_DEVICE_FAMILY = "1,2";
			};
			name = Release;
		};
/* End XCBuildConfiguration section */

/* Begin XCConfigurationList section */
		80807C6F295A92C20037E781 /* Build configuration list for PBXProject "BigProjectAStoreIpadOS" */ = {
			isa = XCConfigurationList;
			buildConfigurations = (
				80807C81295A92C30037E781 /* Debug */,
				80807C82295A92C30037E781 /* Release */,
			);
			defaultConfigurationIsVisible = 0;
			defaultConfigurationName = Release;
		};
		80807C83295A92C30037E781 /* Build configuration list for PBXNativeTarget "BigProjectAStoreIpadOS" */ = {
			isa = XCConfigurationList;
			buildConfigurations = (
				80807C84295A92C30037E781 /* Debug */,
				80807C85295A92C30037E781 /* Release */,
			);
			defaultConfigurationIsVisible = 0;
			defaultConfigurationName = Release;
		};
/* End XCConfigurationList section */

/* Begin XCRemoteSwiftPackageReference section */
		706C4707295C1C2D003A5417 /* XCRemoteSwiftPackageReference "firebase-ios-sdk" */ = {
			isa = XCRemoteSwiftPackageReference;
			repositoryURL = "https://github.com/firebase/firebase-ios-sdk";
			requirement = {
				kind = upToNextMajorVersion;
				minimumVersion = 9.0.0;
			};
		};
/* End XCRemoteSwiftPackageReference section */

/* Begin XCSwiftPackageProductDependency section */
		706C4708295C1C2D003A5417 /* FirebaseAnalytics */ = {
			isa = XCSwiftPackageProductDependency;
			package = 706C4707295C1C2D003A5417 /* XCRemoteSwiftPackageReference "firebase-ios-sdk" */;
			productName = FirebaseAnalytics;
		};
		706C470A295C1C2D003A5417 /* FirebaseAnalyticsSwift */ = {
			isa = XCSwiftPackageProductDependency;
			package = 706C4707295C1C2D003A5417 /* XCRemoteSwiftPackageReference "firebase-ios-sdk" */;
			productName = FirebaseAnalyticsSwift;
		};
		706C470C295C1C2D003A5417 /* FirebaseAuth */ = {
			isa = XCSwiftPackageProductDependency;
			package = 706C4707295C1C2D003A5417 /* XCRemoteSwiftPackageReference "firebase-ios-sdk" */;
			productName = FirebaseAuth;
		};
		706C470E295C1C2D003A5417 /* FirebaseAuthCombine-Community */ = {
			isa = XCSwiftPackageProductDependency;
			package = 706C4707295C1C2D003A5417 /* XCRemoteSwiftPackageReference "firebase-ios-sdk" */;
			productName = "FirebaseAuthCombine-Community";
		};
		706C4710295C1C2D003A5417 /* FirebaseFirestore */ = {
			isa = XCSwiftPackageProductDependency;
			package = 706C4707295C1C2D003A5417 /* XCRemoteSwiftPackageReference "firebase-ios-sdk" */;
			productName = FirebaseFirestore;
		};
		706C4712295C1C2D003A5417 /* FirebaseFirestoreCombine-Community */ = {
			isa = XCSwiftPackageProductDependency;
			package = 706C4707295C1C2D003A5417 /* XCRemoteSwiftPackageReference "firebase-ios-sdk" */;
			productName = "FirebaseFirestoreCombine-Community";
		};
		706C4714295C1C2D003A5417 /* FirebaseFirestoreSwift */ = {
			isa = XCSwiftPackageProductDependency;
			package = 706C4707295C1C2D003A5417 /* XCRemoteSwiftPackageReference "firebase-ios-sdk" */;
			productName = FirebaseFirestoreSwift;
		};
		706C4716295C1C2D003A5417 /* FirebaseStorage */ = {
			isa = XCSwiftPackageProductDependency;
			package = 706C4707295C1C2D003A5417 /* XCRemoteSwiftPackageReference "firebase-ios-sdk" */;
			productName = FirebaseStorage;
		};
		706C4718295C1C2D003A5417 /* FirebaseStorageCombine-Community */ = {
			isa = XCSwiftPackageProductDependency;
			package = 706C4707295C1C2D003A5417 /* XCRemoteSwiftPackageReference "firebase-ios-sdk" */;
			productName = "FirebaseStorageCombine-Community";
		};
/* End XCSwiftPackageProductDependency section */
	};
	rootObject = 80807C6C295A92C20037E781 /* Project object */;
}
